
Microsoft Visual Studio Solution File, Format Version 12.00
# Visual Studio Version 17
VisualStudioVersion = 17.0.31903.59
MinimumVisualStudioVersion = 10.0.40219.1
Project("{FAE04EC0-301F-11D3-BF4B-00C04F79EFBC}") = "OneWealth.Domain", "OneWealth.Domain\OneWealth.Domain.csproj", "{19677B91-67F2-491E-9DC0-788556C6629B}"
EndProject
Project("{FAE04EC0-301F-11D3-BF4B-00C04F79EFBC}") = "OneWealth.Application", "OneWealth.Application\OneWealth.Application.csproj", "{565E1882-D53B-4768-9A45-78A9667AFC9C}"
EndProject
Project("{FAE04EC0-301F-11D3-BF4B-00C04F79EFBC}") = "OneWealth.Infrastructure", "OneWealth.Infrastructure\OneWealth.Infrastructure.csproj", "{B1CB6D03-4BA4-40A1-9F8E-F84F640D3DCA}"
EndProject
Project("{FAE04EC0-301F-11D3-BF4B-00C04F79EFBC}") = "OneWealth.Presentation", "OneWealth.Presentation\OneWealth.Presentation.csproj", "{5F2A5E22-BD90-4A43-AA70-2737DBC906A5}"
EndProject
Project("{FAE04EC0-301F-11D3-BF4B-00C04F79EFBC}") = "OneWealth.API", "OneWealth.API\OneWealth.API.csproj", "{AA9CA86D-F638-49B2-A7FB-98E569A97A62}"
EndProject
Global
	GlobalSection(SolutionConfigurationPlatforms) = preSolution
		Debug|Any CPU = Debug|Any CPU
		Release|Any CPU = Release|Any CPU
	EndGlobalSection
	GlobalSection(SolutionProperties) = preSolution
		HideSolutionNode = FALSE
	EndGlobalSection
	GlobalSection(ProjectConfigurationPlatforms) = postSolution
		{19677B91-67F2-491E-9DC0-788556C6629B}.Debug|Any CPU.ActiveCfg = Debug|Any CPU
		{19677B91-67F2-491E-9DC0-788556C6629B}.Debug|Any CPU.Build.0 = Debug|Any CPU
		{19677B91-67F2-491E-9DC0-788556C6629B}.Release|Any CPU.ActiveCfg = Release|Any CPU
		{19677B91-67F2-491E-9DC0-788556C6629B}.Release|Any CPU.Build.0 = Release|Any CPU
		{565E1882-D53B-4768-9A45-78A9667AFC9C}.Debug|Any CPU.ActiveCfg = Debug|Any CPU
		{565E1882-D53B-4768-9A45-78A9667AFC9C}.Debug|Any CPU.Build.0 = Debug|Any CPU
		{565E1882-D53B-4768-9A45-78A9667AFC9C}.Release|Any CPU.ActiveCfg = Release|Any CPU
		{565E1882-D53B-4768-9A45-78A9667AFC9C}.Release|Any CPU.Build.0 = Release|Any CPU
		{B1CB6D03-4BA4-40A1-9F8E-F84F640D3DCA}.Debug|Any CPU.ActiveCfg = Debug|Any CPU
		{B1CB6D03-4BA4-40A1-9F8E-F84F640D3DCA}.Debug|Any CPU.Build.0 = Debug|Any CPU
		{B1CB6D03-4BA4-40A1-9F8E-F84F640D3DCA}.Release|Any CPU.ActiveCfg = Release|Any CPU
		{B1CB6D03-4BA4-40A1-9F8E-F84F640D3DCA}.Release|Any CPU.Build.0 = Release|Any CPU
		{5F2A5E22-BD90-4A43-AA70-2737DBC906A5}.Debug|Any CPU.ActiveCfg = Debug|Any CPU
		{5F2A5E22-BD90-4A43-AA70-2737DBC906A5}.Debug|Any CPU.Build.0 = Debug|Any CPU
		{5F2A5E22-BD90-4A43-AA70-2737DBC906A5}.Release|Any CPU.ActiveCfg = Release|Any CPU
		{5F2A5E22-BD90-4A43-AA70-2737DBC906A5}.Release|Any CPU.Build.0 = Release|Any CPU
		{AA9CA86D-F638-49B2-A7FB-98E569A97A62}.Debug|Any CPU.ActiveCfg = Debug|Any CPU
		{AA9CA86D-F638-49B2-A7FB-98E569A97A62}.Debug|Any CPU.Build.0 = Debug|Any CPU
		{AA9CA86D-F638-49B2-A7FB-98E569A97A62}.Release|Any CPU.ActiveCfg = Release|Any CPU
		{AA9CA86D-F638-49B2-A7FB-98E569A97A62}.Release|Any CPU.Build.0 = Release|Any CPU
	EndGlobalSection
EndGlobal
